
Microsoft Visual Studio Solution File, Format Version 12.00
# Visual Studio 15
VisualStudioVersion = 15.0.27703.2047
MinimumVisualStudioVersion = 10.0.40219.1
Project("{FAE04EC0-301F-11D3-BF4B-00C04F79EFBC}") = "id3sync", "id3sync.csproj", "{66EEA1DD-3767-45A7-87F2-1E0AC5DDE578}"
EndProject
Global
	GlobalSection(SolutionConfigurationPlatforms) = preSolution
		Debug|Any CPU = Debug|Any CPU
		Release|Any CPU = Release|Any CPU
	EndGlobalSection
	GlobalSection(ProjectConfigurationPlatforms) = postSolution
		{66EEA1DD-3767-45A7-87F2-1E0AC5DDE578}.Debug|Any CPU.ActiveCfg = Debug|Any CPU
		{66EEA1DD-3767-45A7-87F2-1E0AC5DDE578}.Debug|Any CPU.Build.0 = Debug|Any CPU
		{66EEA1DD-3767-45A7-87F2-1E0AC5DDE578}.Release|Any CPU.ActiveCfg = Release|Any CPU
		{66EEA1DD-3767-45A7-87F2-1E0AC5DDE578}.Release|Any CPU.Build.0 = Release|Any CPU
	EndGlobalSection
	GlobalSection(SolutionProperties) = preSolution
		HideSolutionNode = FALSE
	EndGlobalSection
	GlobalSection(ExtensibilityGlobals) = postSolution
		SolutionGuid = {902AF420-0AC2-48B7-82F8-10906A1C41F5}
	EndGlobalSection
EndGlobal
